// !$*UTF8*$!
{
	archiveVersion = 1;
	classes = {
	};
	objectVersion = 50;
	objects = {

/* Begin PBXBuildFile section */
		7A02CE06238C6701001D1EE1 /* WineryTableViewCell.swift in Sources */ = {isa = PBXBuildFile; fileRef = 7A02CE05238C6701001D1EE1 /* WineryTableViewCell.swift */; };
		7A02CE08238C6DF5001D1EE1 /* WineryTableViewController.swift in Sources */ = {isa = PBXBuildFile; fileRef = 7A02CE07238C6DF5001D1EE1 /* WineryTableViewController.swift */; };
		7A02CE0A238C6E7C001D1EE1 /* Winery.swift in Sources */ = {isa = PBXBuildFile; fileRef = 7A02CE09238C6E7C001D1EE1 /* Winery.swift */; };
		7A02CE0C238C7C66001D1EE1 /* Note.swift in Sources */ = {isa = PBXBuildFile; fileRef = 7A02CE0B238C7C66001D1EE1 /* Note.swift */; };
		7A02CE0E238C7D2D001D1EE1 /* NoteTableViewCell.swift in Sources */ = {isa = PBXBuildFile; fileRef = 7A02CE0D238C7D2D001D1EE1 /* NoteTableViewCell.swift */; };
		7A02CE10238C80C4001D1EE1 /* NoteTableViewController.swift in Sources */ = {isa = PBXBuildFile; fileRef = 7A02CE0F238C80C4001D1EE1 /* NoteTableViewController.swift */; };
		7A26862123875D7300FEC423 /* AppDelegate.swift in Sources */ = {isa = PBXBuildFile; fileRef = 7A26862023875D7300FEC423 /* AppDelegate.swift */; };
		7A26862323875D7300FEC423 /* MainViewController.swift in Sources */ = {isa = PBXBuildFile; fileRef = 7A26862223875D7300FEC423 /* MainViewController.swift */; };
		7A26862823875D7400FEC423 /* Assets.xcassets in Resources */ = {isa = PBXBuildFile; fileRef = 7A26862723875D7400FEC423 /* Assets.xcassets */; };
		7A26862B23875D7400FEC423 /* LaunchScreen.storyboard in Resources */ = {isa = PBXBuildFile; fileRef = 7A26862923875D7400FEC423 /* LaunchScreen.storyboard */; };
		7A268636238767D500FEC423 /* Main.storyboard in Resources */ = {isa = PBXBuildFile; fileRef = 7A268635238767D500FEC423 /* Main.storyboard */; };
		7A26863A2387702F00FEC423 /* Colors.xcassets in Resources */ = {isa = PBXBuildFile; fileRef = 7A2686392387702F00FEC423 /* Colors.xcassets */; };
/* End PBXBuildFile section */

/* Begin PBXFileReference section */
		7A02CE05238C6701001D1EE1 /* WineryTableViewCell.swift */ = {isa = PBXFileReference; lastKnownFileType = sourcecode.swift; path = WineryTableViewCell.swift; sourceTree = "<group>"; };
		7A02CE07238C6DF5001D1EE1 /* WineryTableViewController.swift */ = {isa = PBXFileReference; lastKnownFileType = sourcecode.swift; path = WineryTableViewController.swift; sourceTree = "<group>"; };
		7A02CE09238C6E7C001D1EE1 /* Winery.swift */ = {isa = PBXFileReference; lastKnownFileType = sourcecode.swift; path = Winery.swift; sourceTree = "<group>"; };
		7A02CE0B238C7C66001D1EE1 /* Note.swift */ = {isa = PBXFileReference; lastKnownFileType = sourcecode.swift; path = Note.swift; sourceTree = "<group>"; };
		7A02CE0D238C7D2D001D1EE1 /* NoteTableViewCell.swift */ = {isa = PBXFileReference; lastKnownFileType = sourcecode.swift; path = NoteTableViewCell.swift; sourceTree = "<group>"; };
		7A02CE0F238C80C4001D1EE1 /* NoteTableViewController.swift */ = {isa = PBXFileReference; lastKnownFileType = sourcecode.swift; path = NoteTableViewController.swift; sourceTree = "<group>"; };
		7A26861D23875D7300FEC423 /* wineabe.app */ = {isa = PBXFileReference; explicitFileType = wrapper.application; includeInIndex = 0; path = wineabe.app; sourceTree = BUILT_PRODUCTS_DIR; };
		7A26862023875D7300FEC423 /* AppDelegate.swift */ = {isa = PBXFileReference; lastKnownFileType = sourcecode.swift; path = AppDelegate.swift; sourceTree = "<group>"; };
		7A26862223875D7300FEC423 /* MainViewController.swift */ = {isa = PBXFileReference; lastKnownFileType = sourcecode.swift; path = MainViewController.swift; sourceTree = "<group>"; };
		7A26862723875D7400FEC423 /* Assets.xcassets */ = {isa = PBXFileReference; lastKnownFileType = folder.assetcatalog; path = Assets.xcassets; sourceTree = "<group>"; };
		7A26862A23875D7400FEC423 /* Base */ = {isa = PBXFileReference; lastKnownFileType = file.storyboard; name = Base; path = Base.lproj/LaunchScreen.storyboard; sourceTree = "<group>"; };
		7A26862C23875D7400FEC423 /* Info.plist */ = {isa = PBXFileReference; lastKnownFileType = text.plist.xml; path = Info.plist; sourceTree = "<group>"; };
		7A268635238767D500FEC423 /* Main.storyboard */ = {isa = PBXFileReference; lastKnownFileType = file.storyboard; path = Main.storyboard; sourceTree = "<group>"; };
		7A2686392387702F00FEC423 /* Colors.xcassets */ = {isa = PBXFileReference; lastKnownFileType = folder.assetcatalog; path = Colors.xcassets; sourceTree = "<group>"; };
/* End PBXFileReference section */

/* Begin PBXFrameworksBuildPhase section */
		7A26861A23875D7300FEC423 /* Frameworks */ = {
			isa = PBXFrameworksBuildPhase;
			buildActionMask = 2147483647;
			files = (
			);
			runOnlyForDeploymentPostprocessing = 0;
		};
/* End PBXFrameworksBuildPhase section */

/* Begin PBXGroup section */
		7A26861423875D7300FEC423 = {
			isa = PBXGroup;
			children = (
				7A26861F23875D7300FEC423 /* wineabe */,
				7A26861E23875D7300FEC423 /* Products */,
			);
			sourceTree = "<group>";
		};
		7A26861E23875D7300FEC423 /* Products */ = {
			isa = PBXGroup;
			children = (
				7A26861D23875D7300FEC423 /* wineabe.app */,
			);
			name = Products;
			sourceTree = "<group>";
		};
		7A26861F23875D7300FEC423 /* wineabe */ = {
			isa = PBXGroup;
			children = (
				7A26862023875D7300FEC423 /* AppDelegate.swift */,
				7A26862223875D7300FEC423 /* MainViewController.swift */,
				7A268635238767D500FEC423 /* Main.storyboard */,
				7A02CE07238C6DF5001D1EE1 /* WineryTableViewController.swift */,
				7A2686392387702F00FEC423 /* Colors.xcassets */,
				7A26862723875D7400FEC423 /* Assets.xcassets */,
				7A26862923875D7400FEC423 /* LaunchScreen.storyboard */,
				7A26862C23875D7400FEC423 /* Info.plist */,
				7A02CE05238C6701001D1EE1 /* WineryTableViewCell.swift */,
				7A02CE09238C6E7C001D1EE1 /* Winery.swift */,
				7A02CE0B238C7C66001D1EE1 /* Note.swift */,
				7A02CE0D238C7D2D001D1EE1 /* NoteTableViewCell.swift */,
				7A02CE0F238C80C4001D1EE1 /* NoteTableViewController.swift */,
			);
			path = wineabe;
			sourceTree = "<group>";
		};
/* End PBXGroup section */

/* Begin PBXNativeTarget section */
		7A26861C23875D7300FEC423 /* wineabe */ = {
			isa = PBXNativeTarget;
			buildConfigurationList = 7A26862F23875D7400FEC423 /* Build configuration list for PBXNativeTarget "wineabe" */;
			buildPhases = (
				7A26861923875D7300FEC423 /* Sources */,
				7A26861A23875D7300FEC423 /* Frameworks */,
				7A26861B23875D7300FEC423 /* Resources */,
			);
			buildRules = (
			);
			dependencies = (
			);
			name = wineabe;
			productName = wineabe;
			productReference = 7A26861D23875D7300FEC423 /* wineabe.app */;
			productType = "com.apple.product-type.application";
		};
/* End PBXNativeTarget section */

/* Begin PBXProject section */
		7A26861523875D7300FEC423 /* Project object */ = {
			isa = PBXProject;
			attributes = {
				LastSwiftUpdateCheck = 1030;
				LastUpgradeCheck = 1030;
				ORGANIZATIONNAME = SilvioGuiso;
				TargetAttributes = {
					7A26861C23875D7300FEC423 = {
						CreatedOnToolsVersion = 10.3;
					};
				};
			};
			buildConfigurationList = 7A26861823875D7300FEC423 /* Build configuration list for PBXProject "wineabe" */;
			compatibilityVersion = "Xcode 9.3";
			developmentRegion = en;
			hasScannedForEncodings = 0;
			knownRegions = (
				en,
				Base,
			);
			mainGroup = 7A26861423875D7300FEC423;
			productRefGroup = 7A26861E23875D7300FEC423 /* Products */;
			projectDirPath = "";
			projectRoot = "";
			targets = (
				7A26861C23875D7300FEC423 /* wineabe */,
			);
		};
/* End PBXProject section */

/* Begin PBXResourcesBuildPhase section */
		7A26861B23875D7300FEC423 /* Resources */ = {
			isa = PBXResourcesBuildPhase;
			buildActionMask = 2147483647;
			files = (
				7A268636238767D500FEC423 /* Main.storyboard in Resources */,
				7A26863A2387702F00FEC423 /* Colors.xcassets in Resources */,
				7A26862B23875D7400FEC423 /* LaunchScreen.storyboard in Resources */,
				7A26862823875D7400FEC423 /* Assets.xcassets in Resources */,
			);
			runOnlyForDeploymentPostprocessing = 0;
		};
/* End PBXResourcesBuildPhase section */

/* Begin PBXSourcesBuildPhase section */
		7A26861923875D7300FEC423 /* Sources */ = {
			isa = PBXSourcesBuildPhase;
			buildActionMask = 2147483647;
			files = (
				7A02CE0A238C6E7C001D1EE1 /* Winery.swift in Sources */,
				7A02CE06238C6701001D1EE1 /* WineryTableViewCell.swift in Sources */,
				7A26862323875D7300FEC423 /* MainViewController.swift in Sources */,
				7A02CE08238C6DF5001D1EE1 /* WineryTableViewController.swift in Sources */,
				7A26862123875D7300FEC423 /* AppDelegate.swift in Sources */,
				7A02CE10238C80C4001D1EE1 /* NoteTableViewController.swift in Sources */,
				7A02CE0E238C7D2D001D1EE1 /* NoteTableViewCell.swift in Sources */,
				7A02CE0C238C7C66001D1EE1 /* Note.swift in Sources */,
			);
			runOnlyForDeploymentPostprocessing = 0;
		};
/* End PBXSourcesBuildPhase section */

/* Begin PBXVariantGroup section */
		7A26862923875D7400FEC423 /* LaunchScreen.storyboard */ = {
			isa = PBXVariantGroup;
			children = (
				7A26862A23875D7400FEC423 /* Base */,
			);
			name = LaunchScreen.storyboard;
			sourceTree = "<group>";
		};
/* End PBXVariantGroup section */

/* Begin XCBuildConfiguration section */
		7A26862D23875D7400FEC423 /* Debug */ = {
			isa = XCBuildConfiguration;
			buildSettings = {
				ALWAYS_SEARCH_USER_PATHS = NO;
				CLANG_ANALYZER_NONNULL = YES;
				CLANG_ANALYZER_NUMBER_OBJECT_CONVERSION = YES_AGGRESSIVE;
				CLANG_CXX_LANGUAGE_STANDARD = "gnu++14";
				CLANG_CXX_LIBRARY = "libc++";
				CLANG_ENABLE_MODULES = YES;
				CLANG_ENABLE_OBJC_ARC = YES;
				CLANG_ENABLE_OBJC_WEAK = YES;
				CLANG_WARN_BLOCK_CAPTURE_AUTORELEASING = YES;
				CLANG_WARN_BOOL_CONVERSION = YES;
				CLANG_WARN_COMMA = YES;
				CLANG_WARN_CONSTANT_CONVERSION = YES;
				CLANG_WARN_DEPRECATED_OBJC_IMPLEMENTATIONS = YES;
				CLANG_WARN_DIRECT_OBJC_ISA_USAGE = YES_ERROR;
				CLANG_WARN_DOCUMENTATION_COMMENTS = YES;
				CLANG_WARN_EMPTY_BODY = YES;
				CLANG_WARN_ENUM_CONVERSION = YES;
				CLANG_WARN_INFINITE_RECURSION = YES;
				CLANG_WARN_INT_CONVERSION = YES;
				CLANG_WARN_NON_LITERAL_NULL_CONVERSION = YES;
				CLANG_WARN_OBJC_IMPLICIT_RETAIN_SELF = YES;
				CLANG_WARN_OBJC_LITERAL_CONVERSION = YES;
				CLANG_WARN_OBJC_ROOT_CLASS = YES_ERROR;
				CLANG_WARN_RANGE_LOOP_ANALYSIS = YES;
				CLANG_WARN_STRICT_PROTOTYPES = YES;
				CLANG_WARN_SUSPICIOUS_MOVE = YES;
				CLANG_WARN_UNGUARDED_AVAILABILITY = YES_AGGRESSIVE;
				CLANG_WARN_UNREACHABLE_CODE = YES;
				CLANG_WARN__DUPLICATE_METHOD_MATCH = YES;
				CODE_SIGN_IDENTITY = "iPhone Developer";
				COPY_PHASE_STRIP = NO;
				DEBUG_INFORMATION_FORMAT = dwarf;
				ENABLE_STRICT_OBJC_MSGSEND = YES;
				ENABLE_TESTABILITY = YES;
				GCC_C_LANGUAGE_STANDARD = gnu11;
				GCC_DYNAMIC_NO_PIC = NO;
				GCC_NO_COMMON_BLOCKS = YES;
				GCC_OPTIMIZATION_LEVEL = 0;
				GCC_PREPROCESSOR_DEFINITIONS = (
					"DEBUG=1",
					"$(inherited)",
				);
				GCC_WARN_64_TO_32_BIT_CONVERSION = YES;
				GCC_WARN_ABOUT_RETURN_TYPE = YES_ERROR;
				GCC_WARN_UNDECLARED_SELECTOR = YES;
				GCC_WARN_UNINITIALIZED_AUTOS = YES_AGGRESSIVE;
				GCC_WARN_UNUSED_FUNCTION = YES;
				GCC_WARN_UNUSED_VARIABLE = YES;
				IPHONEOS_DEPLOYMENT_TARGET = 12.4;
				MTL_ENABLE_DEBUG_INFO = INCLUDE_SOURCE;
				MTL_FAST_MATH = YES;
				ONLY_ACTIVE_ARCH = YES;
				SDKROOT = iphoneos;
				SWIFT_ACTIVE_COMPILATION_CONDITIONS = DEBUG;
				SWIFT_OPTIMIZATION_LEVEL = "-Onone";
			};
			name = Debug;
		};
		7A26862E23875D7400FEC423 /* Release */ = {
			isa = XCBuildConfiguration;
			buildSettings = {
				ALWAYS_SEARCH_USER_PATHS = NO;
				CLANG_ANALYZER_NONNULL = YES;
				CLANG_ANALYZER_NUMBER_OBJECT_CONVERSION = YES_AGGRESSIVE;
				CLANG_CXX_LANGUAGE_STANDARD = "gnu++14";
				CLANG_CXX_LIBRARY = "libc++";
				CLANG_ENABLE_MODULES = YES;
				CLANG_ENABLE_OBJC_ARC = YES;
				CLANG_ENABLE_OBJC_WEAK = YES;
				CLANG_WARN_BLOCK_CAPTURE_AUTORELEASING = YES;
				CLANG_WARN_BOOL_CONVERSION = YES;
				CLANG_WARN_COMMA = YES;
				CLANG_WARN_CONSTANT_CONVERSION = YES;
				CLANG_WARN_DEPRECATED_OBJC_IMPLEMENTATIONS = YES;
				CLANG_WARN_DIRECT_OBJC_ISA_USAGE = YES_ERROR;
				CLANG_WARN_DOCUMENTATION_COMMENTS = YES;
				CLANG_WARN_EMPTY_BODY = YES;
				CLANG_WARN_ENUM_CONVERSION = YES;
				CLANG_WARN_INFINITE_RECURSION = YES;
				CLANG_WARN_INT_CONVERSION = YES;
				CLANG_WARN_NON_LITERAL_NULL_CONVERSION = YES;
				CLANG_WARN_OBJC_IMPLICIT_RETAIN_SELF = YES;
				CLANG_WARN_OBJC_LITERAL_CONVERSION = YES;
				CLANG_WARN_OBJC_ROOT_CLASS = YES_ERROR;
				CLANG_WARN_RANGE_LOOP_ANALYSIS = YES;
				CLANG_WARN_STRICT_PROTOTYPES = YES;
				CLANG_WARN_SUSPICIOUS_MOVE = YES;
				CLANG_WARN_UNGUARDED_AVAILABILITY = YES_AGGRESSIVE;
				CLANG_WARN_UNREACHABLE_CODE = YES;
				CLANG_WARN__DUPLICATE_METHOD_MATCH = YES;
				CODE_SIGN_IDENTITY = "iPhone Developer";
				COPY_PHASE_STRIP = NO;
				DEBUG_INFORMATION_FORMAT = "dwarf-with-dsym";
				ENABLE_NS_ASSERTIONS = NO;
				ENABLE_STRICT_OBJC_MSGSEND = YES;
				GCC_C_LANGUAGE_STANDARD = gnu11;
				GCC_NO_COMMON_BLOCKS = YES;
				GCC_WARN_64_TO_32_BIT_CONVERSION = YES;
				GCC_WARN_ABOUT_RETURN_TYPE = YES_ERROR;
				GCC_WARN_UNDECLARED_SELECTOR = YES;
				GCC_WARN_UNINITIALIZED_AUTOS = YES_AGGRESSIVE;
				GCC_WARN_UNUSED_FUNCTION = YES;
				GCC_WARN_UNUSED_VARIABLE = YES;
				IPHONEOS_DEPLOYMENT_TARGET = 12.4;
				MTL_ENABLE_DEBUG_INFO = NO;
				MTL_FAST_MATH = YES;
				SDKROOT = iphoneos;
				SWIFT_COMPILATION_MODE = wholemodule;
				SWIFT_OPTIMIZATION_LEVEL = "-O";
				VALIDATE_PRODUCT = YES;
			};
			name = Release;
		};
		7A26863023875D7400FEC423 /* Debug */ = {
			isa = XCBuildConfiguration;
			buildSettings = {
				ASSETCATALOG_COMPILER_APPICON_NAME = AppIcon;
				CODE_SIGN_STYLE = Automatic;
				INFOPLIST_FILE = wineabe/Info.plist;
				LD_RUNPATH_SEARCH_PATHS = (
					"$(inherited)",
					"@executable_path/Frameworks",
				);
				PRODUCT_BUNDLE_IDENTIFIER = mobas.cascadia.edu.wineabe;
				PRODUCT_NAME = "$(TARGET_NAME)";
				SWIFT_VERSION = 5.0;
				TARGETED_DEVICE_FAMILY = "1,2";
			};
			name = Debug;
		};
		7A26863123875D7400FEC423 /* Release */ = {
			isa = XCBuildConfiguration;
			buildSettings = {
				ASSETCATALOG_COMPILER_APPICON_NAME = AppIcon;
				CODE_SIGN_STYLE = Automatic;
				INFOPLIST_FILE = wineabe/Info.plist;
				LD_RUNPATH_SEARCH_PATHS = (
					"$(inherited)",
					"@executable_path/Frameworks",
				);
				PRODUCT_BUNDLE_IDENTIFIER = mobas.cascadia.edu.wineabe;
				PRODUCT_NAME = "$(TARGET_NAME)";
				SWIFT_VERSION = 5.0;
				TARGETED_DEVICE_FAMILY = "1,2";
			};
			name = Release;
		};
/* End XCBuildConfiguration section */

/* Begin XCConfigurationList section */
		7A26861823875D7300FEC423 /* Build configuration list for PBXProject "wineabe" */ = {
			isa = XCConfigurationList;
			buildConfigurations = (
				7A26862D23875D7400FEC423 /* Debug */,
				7A26862E23875D7400FEC423 /* Release */,
			);
			defaultConfigurationIsVisible = 0;
			defaultConfigurationName = Release;
		};
		7A26862F23875D7400FEC423 /* Build configuration list for PBXNativeTarget "wineabe" */ = {
			isa = XCConfigurationList;
			buildConfigurations = (
				7A26863023875D7400FEC423 /* Debug */,
				7A26863123875D7400FEC423 /* Release */,
			);
			defaultConfigurationIsVisible = 0;
			defaultConfigurationName = Release;
		};
/* End XCConfigurationList section */
	};
	rootObject = 7A26861523875D7300FEC423 /* Project object */;
}
